
Microsoft Visual Studio Solution File, Format Version 12.00
# Visual Studio 15
VisualStudioVersion = 15.0.28307.421
MinimumVisualStudioVersion = 10.0.40219.1
Project("{FAE04EC0-301F-11D3-BF4B-00C04F79EFBC}") = "PromotionEngineCartApp", "PromotionEngineCartApp\PromotionEngineCartApp.csproj", "{29CB5CEB-8D94-44C6-930D-CB383AAEB669}"
EndProject
Project("{FAE04EC0-301F-11D3-BF4B-00C04F79EFBC}") = "PromotionEngineCartApp.Tests", "PromotionEngineCartApp.Tests\PromotionEngineCartApp.Tests.csproj", "{A2886256-A990-47B9-B8D0-B58CAF9D5A64}"
EndProject
Global
	GlobalSection(SolutionConfigurationPlatforms) = preSolution
		Debug|Any CPU = Debug|Any CPU
		Release|Any CPU = Release|Any CPU
	EndGlobalSection
	GlobalSection(ProjectConfigurationPlatforms) = postSolution
		{29CB5CEB-8D94-44C6-930D-CB383AAEB669}.Debug|Any CPU.ActiveCfg = Debug|Any CPU
		{29CB5CEB-8D94-44C6-930D-CB383AAEB669}.Debug|Any CPU.Build.0 = Debug|Any CPU
		{29CB5CEB-8D94-44C6-930D-CB383AAEB669}.Release|Any CPU.ActiveCfg = Release|Any CPU
		{29CB5CEB-8D94-44C6-930D-CB383AAEB669}.Release|Any CPU.Build.0 = Release|Any CPU
		{A2886256-A990-47B9-B8D0-B58CAF9D5A64}.Debug|Any CPU.ActiveCfg = Debug|Any CPU
		{A2886256-A990-47B9-B8D0-B58CAF9D5A64}.Debug|Any CPU.Build.0 = Debug|Any CPU
		{A2886256-A990-47B9-B8D0-B58CAF9D5A64}.Release|Any CPU.ActiveCfg = Release|Any CPU
		{A2886256-A990-47B9-B8D0-B58CAF9D5A64}.Release|Any CPU.Build.0 = Release|Any CPU
	EndGlobalSection
	GlobalSection(SolutionProperties) = preSolution
		HideSolutionNode = FALSE
	EndGlobalSection
	GlobalSection(ExtensibilityGlobals) = postSolution
		SolutionGuid = {A26B096A-1BAE-49EE-A08A-8F1D136EC2FF}
	EndGlobalSection
EndGlobal
